{
    "requires": true,
    "lockfileVersion": 1,
    "dependencies": {
        "pspdfkit": {
            "version": "2023.1.4",
            "resolved": "https://registry.npmjs.org/pspdfkit/-/pspdfkit-2023.1.4.tgz",
            "integrity": "sha512-of7uavOLccMVkzy+Yv/+MzQbq7su2Uwn2eJLPH3dgI2AgHL6m1r3M0e8q5BYU48/1wfNgUJHND5zzkacIqYAcg=="
        }
    }
}
